// !$*UTF8*$!
{
	archiveVersion = 1;
	classes = {
	};
	objectVersion = 56;
	objects = {

/* Begin PBXBuildFile section */
		630C52F22B53874300D63BAF /* ExpressionParserTests.swift in Sources */ = {isa = PBXBuildFile; fileRef = 630C52F12B53874300D63BAF /* ExpressionParserTests.swift */; };
		631047202B488DA600AC4460 /* HexCalcApp.swift in Sources */ = {isa = PBXBuildFile; fileRef = 6310471F2B488DA600AC4460 /* HexCalcApp.swift */; };
		631047222B488DA700AC4460 /* ContentView.swift in Sources */ = {isa = PBXBuildFile; fileRef = 631047212B488DA700AC4460 /* ContentView.swift */; };
		631047242B488DA700AC4460 /* Assets.xcassets in Resources */ = {isa = PBXBuildFile; fileRef = 631047232B488DA700AC4460 /* Assets.xcassets */; };
		631047272B488DA800AC4460 /* Preview Assets.xcassets in Resources */ = {isa = PBXBuildFile; fileRef = 631047262B488DA800AC4460 /* Preview Assets.xcassets */; };
		631047322B488DA800AC4460 /* HexCalcTests.swift in Sources */ = {isa = PBXBuildFile; fileRef = 631047312B488DA800AC4460 /* HexCalcTests.swift */; };
		6310473C2B488DA800AC4460 /* HexCalcUITests.swift in Sources */ = {isa = PBXBuildFile; fileRef = 6310473B2B488DA800AC4460 /* HexCalcUITests.swift */; };
		6310473E2B488DA800AC4460 /* HexCalcUITestsLaunchTests.swift in Sources */ = {isa = PBXBuildFile; fileRef = 6310473D2B488DA800AC4460 /* HexCalcUITestsLaunchTests.swift */; };
		6310474B2B48C0D000AC4460 /* Entry.swift in Sources */ = {isa = PBXBuildFile; fileRef = 6310474A2B48C0D000AC4460 /* Entry.swift */; };
		633D06BB2B52124C00EBE82C /* ExpressionEvaluator.swift in Sources */ = {isa = PBXBuildFile; fileRef = 633D06BA2B52124C00EBE82C /* ExpressionEvaluator.swift */; };
		635F4AA22B510C3F001DD64A /* Parsing in Frameworks */ = {isa = PBXBuildFile; productRef = 635F4AA12B510C3F001DD64A /* Parsing */; };
		635F4AA52B511139001DD64A /* ComposableArchitecture in Frameworks */ = {isa = PBXBuildFile; productRef = 635F4AA42B511139001DD64A /* ComposableArchitecture */; };
		635F4AA72B5111D1001DD64A /* ContentReducer.swift in Sources */ = {isa = PBXBuildFile; fileRef = 635F4AA62B5111D1001DD64A /* ContentReducer.swift */; };
		63C6B2CB2B52182700D3D04C /* ExpressionParser.swift in Sources */ = {isa = PBXBuildFile; fileRef = 63C6B2CA2B52182700D3D04C /* ExpressionParser.swift */; };
/* End PBXBuildFile section */

/* Begin PBXContainerItemProxy section */
		6310472E2B488DA800AC4460 /* PBXContainerItemProxy */ = {
			isa = PBXContainerItemProxy;
			containerPortal = 631047142B488DA600AC4460 /* Project object */;
			proxyType = 1;
			remoteGlobalIDString = 6310471B2B488DA600AC4460;
			remoteInfo = Calc;
		};
		631047382B488DA800AC4460 /* PBXContainerItemProxy */ = {
			isa = PBXContainerItemProxy;
			containerPortal = 631047142B488DA600AC4460 /* Project object */;
			proxyType = 1;
			remoteGlobalIDString = 6310471B2B488DA600AC4460;
			remoteInfo = Calc;
		};
/* End PBXContainerItemProxy section */

/* Begin PBXFileReference section */
		630C52F12B53874300D63BAF /* ExpressionParserTests.swift */ = {isa = PBXFileReference; fileEncoding = 4; lastKnownFileType = sourcecode.swift; path = ExpressionParserTests.swift; sourceTree = "<group>"; };
		6310471C2B488DA600AC4460 /* HexCalc.app */ = {isa = PBXFileReference; explicitFileType = wrapper.application; includeInIndex = 0; path = HexCalc.app; sourceTree = BUILT_PRODUCTS_DIR; };
		6310471F2B488DA600AC4460 /* HexCalcApp.swift */ = {isa = PBXFileReference; lastKnownFileType = sourcecode.swift; path = HexCalcApp.swift; sourceTree = "<group>"; };
		631047212B488DA700AC4460 /* ContentView.swift */ = {isa = PBXFileReference; lastKnownFileType = sourcecode.swift; path = ContentView.swift; sourceTree = "<group>"; };
		631047232B488DA700AC4460 /* Assets.xcassets */ = {isa = PBXFileReference; lastKnownFileType = folder.assetcatalog; path = Assets.xcassets; sourceTree = "<group>"; };
		631047262B488DA800AC4460 /* Preview Assets.xcassets */ = {isa = PBXFileReference; lastKnownFileType = folder.assetcatalog; path = "Preview Assets.xcassets"; sourceTree = "<group>"; };
		631047282B488DA800AC4460 /* HexCalc.entitlements */ = {isa = PBXFileReference; lastKnownFileType = text.plist.entitlements; path = HexCalc.entitlements; sourceTree = "<group>"; };
		6310472D2B488DA800AC4460 /* HexCalcTests.xctest */ = {isa = PBXFileReference; explicitFileType = wrapper.cfbundle; includeInIndex = 0; path = HexCalcTests.xctest; sourceTree = BUILT_PRODUCTS_DIR; };
		631047312B488DA800AC4460 /* HexCalcTests.swift */ = {isa = PBXFileReference; lastKnownFileType = sourcecode.swift; path = HexCalcTests.swift; sourceTree = "<group>"; };
		631047372B488DA800AC4460 /* HexCalcUITests.xctest */ = {isa = PBXFileReference; explicitFileType = wrapper.cfbundle; includeInIndex = 0; path = HexCalcUITests.xctest; sourceTree = BUILT_PRODUCTS_DIR; };
		6310473B2B488DA800AC4460 /* HexCalcUITests.swift */ = {isa = PBXFileReference; lastKnownFileType = sourcecode.swift; path = HexCalcUITests.swift; sourceTree = "<group>"; };
		6310473D2B488DA800AC4460 /* HexCalcUITestsLaunchTests.swift */ = {isa = PBXFileReference; lastKnownFileType = sourcecode.swift; path = HexCalcUITestsLaunchTests.swift; sourceTree = "<group>"; };
		6310474A2B48C0D000AC4460 /* Entry.swift */ = {isa = PBXFileReference; lastKnownFileType = sourcecode.swift; path = Entry.swift; sourceTree = "<group>"; };
		633D06BA2B52124C00EBE82C /* ExpressionEvaluator.swift */ = {isa = PBXFileReference; lastKnownFileType = sourcecode.swift; path = ExpressionEvaluator.swift; sourceTree = "<group>"; };
		635F4AA62B5111D1001DD64A /* ContentReducer.swift */ = {isa = PBXFileReference; lastKnownFileType = sourcecode.swift; path = ContentReducer.swift; sourceTree = "<group>"; };
		63C6B2CA2B52182700D3D04C /* ExpressionParser.swift */ = {isa = PBXFileReference; lastKnownFileType = sourcecode.swift; path = ExpressionParser.swift; sourceTree = "<group>"; };
/* End PBXFileReference section */

/* Begin PBXFrameworksBuildPhase section */
		631047192B488DA600AC4460 /* Frameworks */ = {
			isa = PBXFrameworksBuildPhase;
			buildActionMask = 2147483647;
			files = (
				635F4AA52B511139001DD64A /* ComposableArchitecture in Frameworks */,
				635F4AA22B510C3F001DD64A /* Parsing in Frameworks */,
			);
			runOnlyForDeploymentPostprocessing = 0;
		};
		6310472A2B488DA800AC4460 /* Frameworks */ = {
			isa = PBXFrameworksBuildPhase;
			buildActionMask = 2147483647;
			files = (
			);
			runOnlyForDeploymentPostprocessing = 0;
		};
		631047342B488DA800AC4460 /* Frameworks */ = {
			isa = PBXFrameworksBuildPhase;
			buildActionMask = 2147483647;
			files = (
			);
			runOnlyForDeploymentPostprocessing = 0;
		};
/* End PBXFrameworksBuildPhase section */

/* Begin PBXGroup section */
		631047132B488DA600AC4460 = {
			isa = PBXGroup;
			children = (
				6310471E2B488DA600AC4460 /* HexCalc */,
				631047302B488DA800AC4460 /* HexCalcTests */,
				6310473A2B488DA800AC4460 /* HexCalcUITests */,
				6310471D2B488DA600AC4460 /* Products */,
			);
			sourceTree = "<group>";
		};
		6310471D2B488DA600AC4460 /* Products */ = {
			isa = PBXGroup;
			children = (
				6310471C2B488DA600AC4460 /* HexCalc.app */,
				6310472D2B488DA800AC4460 /* HexCalcTests.xctest */,
				631047372B488DA800AC4460 /* HexCalcUITests.xctest */,
			);
			name = Products;
			sourceTree = "<group>";
		};
		6310471E2B488DA600AC4460 /* HexCalc */ = {
			isa = PBXGroup;
			children = (
				6310471F2B488DA600AC4460 /* HexCalcApp.swift */,
				631047212B488DA700AC4460 /* ContentView.swift */,
				6310474A2B48C0D000AC4460 /* Entry.swift */,
				631047232B488DA700AC4460 /* Assets.xcassets */,
				631047282B488DA800AC4460 /* HexCalc.entitlements */,
				631047252B488DA800AC4460 /* Preview Content */,
				635F4AA62B5111D1001DD64A /* ContentReducer.swift */,
				633D06BA2B52124C00EBE82C /* ExpressionEvaluator.swift */,
				63C6B2CA2B52182700D3D04C /* ExpressionParser.swift */,
			);
			path = HexCalc;
			sourceTree = "<group>";
		};
		631047252B488DA800AC4460 /* Preview Content */ = {
			isa = PBXGroup;
			children = (
				631047262B488DA800AC4460 /* Preview Assets.xcassets */,
			);
			path = "Preview Content";
			sourceTree = "<group>";
		};
		631047302B488DA800AC4460 /* HexCalcTests */ = {
			isa = PBXGroup;
			children = (
				630C52F12B53874300D63BAF /* ExpressionParserTests.swift */,
				631047312B488DA800AC4460 /* HexCalcTests.swift */,
			);
			path = HexCalcTests;
			sourceTree = "<group>";
		};
		6310473A2B488DA800AC4460 /* HexCalcUITests */ = {
			isa = PBXGroup;
			children = (
				6310473B2B488DA800AC4460 /* HexCalcUITests.swift */,
				6310473D2B488DA800AC4460 /* HexCalcUITestsLaunchTests.swift */,
			);
			path = HexCalcUITests;
			sourceTree = "<group>";
		};
/* End PBXGroup section */

/* Begin PBXNativeTarget section */
		6310471B2B488DA600AC4460 /* HexCalc */ = {
			isa = PBXNativeTarget;
			buildConfigurationList = 631047412B488DA800AC4460 /* Build configuration list for PBXNativeTarget "HexCalc" */;
			buildPhases = (
				631047182B488DA600AC4460 /* Sources */,
				631047192B488DA600AC4460 /* Frameworks */,
				6310471A2B488DA600AC4460 /* Resources */,
			);
			buildRules = (
			);
			dependencies = (
			);
			name = HexCalc;
			packageProductDependencies = (
				635F4AA12B510C3F001DD64A /* Parsing */,
				635F4AA42B511139001DD64A /* ComposableArchitecture */,
			);
			productName = Calc;
			productReference = 6310471C2B488DA600AC4460 /* HexCalc.app */;
			productType = "com.apple.product-type.application";
		};
		6310472C2B488DA800AC4460 /* HexCalcTests */ = {
			isa = PBXNativeTarget;
			buildConfigurationList = 631047442B488DA800AC4460 /* Build configuration list for PBXNativeTarget "HexCalcTests" */;
			buildPhases = (
				631047292B488DA800AC4460 /* Sources */,
				6310472A2B488DA800AC4460 /* Frameworks */,
				6310472B2B488DA800AC4460 /* Resources */,
			);
			buildRules = (
			);
			dependencies = (
				6310472F2B488DA800AC4460 /* PBXTargetDependency */,
			);
			name = HexCalcTests;
			productName = CalcTests;
			productReference = 6310472D2B488DA800AC4460 /* HexCalcTests.xctest */;
			productType = "com.apple.product-type.bundle.unit-test";
		};
		631047362B488DA800AC4460 /* HexCalcUITests */ = {
			isa = PBXNativeTarget;
			buildConfigurationList = 631047472B488DA800AC4460 /* Build configuration list for PBXNativeTarget "HexCalcUITests" */;
			buildPhases = (
				631047332B488DA800AC4460 /* Sources */,
				631047342B488DA800AC4460 /* Frameworks */,
				631047352B488DA800AC4460 /* Resources */,
			);
			buildRules = (
			);
			dependencies = (
				631047392B488DA800AC4460 /* PBXTargetDependency */,
			);
			name = HexCalcUITests;
			productName = CalcUITests;
			productReference = 631047372B488DA800AC4460 /* HexCalcUITests.xctest */;
			productType = "com.apple.product-type.bundle.ui-testing";
		};
/* End PBXNativeTarget section */

/* Begin PBXProject section */
		631047142B488DA600AC4460 /* Project object */ = {
			isa = PBXProject;
			attributes = {
				BuildIndependentTargetsInParallel = 1;
				LastSwiftUpdateCheck = 1510;
				LastUpgradeCheck = 1510;
				TargetAttributes = {
					6310471B2B488DA600AC4460 = {
						CreatedOnToolsVersion = 15.1;
					};
					6310472C2B488DA800AC4460 = {
						CreatedOnToolsVersion = 15.1;
						TestTargetID = 6310471B2B488DA600AC4460;
					};
					631047362B488DA800AC4460 = {
						CreatedOnToolsVersion = 15.1;
						TestTargetID = 6310471B2B488DA600AC4460;
					};
				};
			};
			buildConfigurationList = 631047172B488DA600AC4460 /* Build configuration list for PBXProject "HexCalc" */;
			compatibilityVersion = "Xcode 14.0";
			developmentRegion = en;
			hasScannedForEncodings = 0;
			knownRegions = (
				en,
				Base,
			);
			mainGroup = 631047132B488DA600AC4460;
			packageReferences = (
				635F4AA02B510C3F001DD64A /* XCRemoteSwiftPackageReference "swift-parsing" */,
				635F4AA32B511139001DD64A /* XCRemoteSwiftPackageReference "swift-composable-architecture" */,
			);
			productRefGroup = 6310471D2B488DA600AC4460 /* Products */;
			projectDirPath = "";
			projectRoot = "";
			targets = (
				6310471B2B488DA600AC4460 /* HexCalc */,
				6310472C2B488DA800AC4460 /* HexCalcTests */,
				631047362B488DA800AC4460 /* HexCalcUITests */,
			);
		};
/* End PBXProject section */

/* Begin PBXResourcesBuildPhase section */
		6310471A2B488DA600AC4460 /* Resources */ = {
			isa = PBXResourcesBuildPhase;
			buildActionMask = 2147483647;
			files = (
				631047272B488DA800AC4460 /* Preview Assets.xcassets in Resources */,
				631047242B488DA700AC4460 /* Assets.xcassets in Resources */,
			);
			runOnlyForDeploymentPostprocessing = 0;
		};
		6310472B2B488DA800AC4460 /* Resources */ = {
			isa = PBXResourcesBuildPhase;
			buildActionMask = 2147483647;
			files = (
			);
			runOnlyForDeploymentPostprocessing = 0;
		};
		631047352B488DA800AC4460 /* Resources */ = {
			isa = PBXResourcesBuildPhase;
			buildActionMask = 2147483647;
			files = (
			);
			runOnlyForDeploymentPostprocessing = 0;
		};
/* End PBXResourcesBuildPhase section */

/* Begin PBXSourcesBuildPhase section */
		631047182B488DA600AC4460 /* Sources */ = {
			isa = PBXSourcesBuildPhase;
			buildActionMask = 2147483647;
			files = (
				635F4AA72B5111D1001DD64A /* ContentReducer.swift in Sources */,
				633D06BB2B52124C00EBE82C /* ExpressionEvaluator.swift in Sources */,
				6310474B2B48C0D000AC4460 /* Entry.swift in Sources */,
				631047222B488DA700AC4460 /* ContentView.swift in Sources */,
				63C6B2CB2B52182700D3D04C /* ExpressionParser.swift in Sources */,
				631047202B488DA600AC4460 /* HexCalcApp.swift in Sources */,
			);
			runOnlyForDeploymentPostprocessing = 0;
		};
		631047292B488DA800AC4460 /* Sources */ = {
			isa = PBXSourcesBuildPhase;
			buildActionMask = 2147483647;
			files = (
				630C52F22B53874300D63BAF /* ExpressionParserTests.swift in Sources */,
				631047322B488DA800AC4460 /* HexCalcTests.swift in Sources */,
			);
			runOnlyForDeploymentPostprocessing = 0;
		};
		631047332B488DA800AC4460 /* Sources */ = {
			isa = PBXSourcesBuildPhase;
			buildActionMask = 2147483647;
			files = (
				6310473C2B488DA800AC4460 /* HexCalcUITests.swift in Sources */,
				6310473E2B488DA800AC4460 /* HexCalcUITestsLaunchTests.swift in Sources */,
			);
			runOnlyForDeploymentPostprocessing = 0;
		};
/* End PBXSourcesBuildPhase section */

/* Begin PBXTargetDependency section */
		6310472F2B488DA800AC4460 /* PBXTargetDependency */ = {
			isa = PBXTargetDependency;
			target = 6310471B2B488DA600AC4460 /* HexCalc */;
			targetProxy = 6310472E2B488DA800AC4460 /* PBXContainerItemProxy */;
		};
		631047392B488DA800AC4460 /* PBXTargetDependency */ = {
			isa = PBXTargetDependency;
			target = 6310471B2B488DA600AC4460 /* HexCalc */;
			targetProxy = 631047382B488DA800AC4460 /* PBXContainerItemProxy */;
		};
/* End PBXTargetDependency section */

/* Begin XCBuildConfiguration section */
		6310473F2B488DA800AC4460 /* Debug */ = {
			isa = XCBuildConfiguration;
			buildSettings = {
				ALWAYS_SEARCH_USER_PATHS = NO;
				ASSETCATALOG_COMPILER_GENERATE_SWIFT_ASSET_SYMBOL_EXTENSIONS = YES;
				CLANG_ANALYZER_NONNULL = YES;
				CLANG_ANALYZER_NUMBER_OBJECT_CONVERSION = YES_AGGRESSIVE;
				CLANG_CXX_LANGUAGE_STANDARD = "gnu++20";
				CLANG_ENABLE_MODULES = YES;
				CLANG_ENABLE_OBJC_ARC = YES;
				CLANG_ENABLE_OBJC_WEAK = YES;
				CLANG_WARN_BLOCK_CAPTURE_AUTORELEASING = YES;
				CLANG_WARN_BOOL_CONVERSION = YES;
				CLANG_WARN_COMMA = YES;
				CLANG_WARN_CONSTANT_CONVERSION = YES;
				CLANG_WARN_DEPRECATED_OBJC_IMPLEMENTATIONS = YES;
				CLANG_WARN_DIRECT_OBJC_ISA_USAGE = YES_ERROR;
				CLANG_WARN_DOCUMENTATION_COMMENTS = YES;
				CLANG_WARN_EMPTY_BODY = YES;
				CLANG_WARN_ENUM_CONVERSION = YES;
				CLANG_WARN_INFINITE_RECURSION = YES;
				CLANG_WARN_INT_CONVERSION = YES;
				CLANG_WARN_NON_LITERAL_NULL_CONVERSION = YES;
				CLANG_WARN_OBJC_IMPLICIT_RETAIN_SELF = YES;
				CLANG_WARN_OBJC_LITERAL_CONVERSION = YES;
				CLANG_WARN_OBJC_ROOT_CLASS = YES_ERROR;
				CLANG_WARN_QUOTED_INCLUDE_IN_FRAMEWORK_HEADER = YES;
				CLANG_WARN_RANGE_LOOP_ANALYSIS = YES;
				CLANG_WARN_STRICT_PROTOTYPES = YES;
				CLANG_WARN_SUSPICIOUS_MOVE = YES;
				CLANG_WARN_UNGUARDED_AVAILABILITY = YES_AGGRESSIVE;
				CLANG_WARN_UNREACHABLE_CODE = YES;
				CLANG_WARN__DUPLICATE_METHOD_MATCH = YES;
				COPY_PHASE_STRIP = NO;
				DEBUG_INFORMATION_FORMAT = dwarf;
				ENABLE_STRICT_OBJC_MSGSEND = YES;
				ENABLE_TESTABILITY = YES;
				ENABLE_USER_SCRIPT_SANDBOXING = YES;
				GCC_C_LANGUAGE_STANDARD = gnu17;
				GCC_DYNAMIC_NO_PIC = NO;
				GCC_NO_COMMON_BLOCKS = YES;
				GCC_OPTIMIZATION_LEVEL = 0;
				GCC_PREPROCESSOR_DEFINITIONS = (
					"DEBUG=1",
					"$(inherited)",
				);
				GCC_WARN_64_TO_32_BIT_CONVERSION = YES;
				GCC_WARN_ABOUT_RETURN_TYPE = YES_ERROR;
				GCC_WARN_UNDECLARED_SELECTOR = YES;
				GCC_WARN_UNINITIALIZED_AUTOS = YES_AGGRESSIVE;
				GCC_WARN_UNUSED_FUNCTION = YES;
				GCC_WARN_UNUSED_VARIABLE = YES;
				LOCALIZATION_PREFERS_STRING_CATALOGS = YES;
				MACOSX_DEPLOYMENT_TARGET = 14.2;
				MTL_ENABLE_DEBUG_INFO = INCLUDE_SOURCE;
				MTL_FAST_MATH = YES;
				ONLY_ACTIVE_ARCH = YES;
				SDKROOT = macosx;
				SWIFT_ACTIVE_COMPILATION_CONDITIONS = "DEBUG $(inherited)";
				SWIFT_OPTIMIZATION_LEVEL = "-Onone";
			};
			name = Debug;
		};
		631047402B488DA800AC4460 /* Release */ = {
			isa = XCBuildConfiguration;
			buildSettings = {
				ALWAYS_SEARCH_USER_PATHS = NO;
				ASSETCATALOG_COMPILER_GENERATE_SWIFT_ASSET_SYMBOL_EXTENSIONS = YES;
				CLANG_ANALYZER_NONNULL = YES;
				CLANG_ANALYZER_NUMBER_OBJECT_CONVERSION = YES_AGGRESSIVE;
				CLANG_CXX_LANGUAGE_STANDARD = "gnu++20";
				CLANG_ENABLE_MODULES = YES;
				CLANG_ENABLE_OBJC_ARC = YES;
				CLANG_ENABLE_OBJC_WEAK = YES;
				CLANG_WARN_BLOCK_CAPTURE_AUTORELEASING = YES;
				CLANG_WARN_BOOL_CONVERSION = YES;
				CLANG_WARN_COMMA = YES;
				CLANG_WARN_CONSTANT_CONVERSION = YES;
				CLANG_WARN_DEPRECATED_OBJC_IMPLEMENTATIONS = YES;
				CLANG_WARN_DIRECT_OBJC_ISA_USAGE = YES_ERROR;
				CLANG_WARN_DOCUMENTATION_COMMENTS = YES;
				CLANG_WARN_EMPTY_BODY = YES;
				CLANG_WARN_ENUM_CONVERSION = YES;
				CLANG_WARN_INFINITE_RECURSION = YES;
				CLANG_WARN_INT_CONVERSION = YES;
				CLANG_WARN_NON_LITERAL_NULL_CONVERSION = YES;
				CLANG_WARN_OBJC_IMPLICIT_RETAIN_SELF = YES;
				CLANG_WARN_OBJC_LITERAL_CONVERSION = YES;
				CLANG_WARN_OBJC_ROOT_CLASS = YES_ERROR;
				CLANG_WARN_QUOTED_INCLUDE_IN_FRAMEWORK_HEADER = YES;
				CLANG_WARN_RANGE_LOOP_ANALYSIS = YES;
				CLANG_WARN_STRICT_PROTOTYPES = YES;
				CLANG_WARN_SUSPICIOUS_MOVE = YES;
				CLANG_WARN_UNGUARDED_AVAILABILITY = YES_AGGRESSIVE;
				CLANG_WARN_UNREACHABLE_CODE = YES;
				CLANG_WARN__DUPLICATE_METHOD_MATCH = YES;
				COPY_PHASE_STRIP = NO;
				DEBUG_INFORMATION_FORMAT = "dwarf-with-dsym";
				ENABLE_NS_ASSERTIONS = NO;
				ENABLE_STRICT_OBJC_MSGSEND = YES;
				ENABLE_USER_SCRIPT_SANDBOXING = YES;
				GCC_C_LANGUAGE_STANDARD = gnu17;
				GCC_NO_COMMON_BLOCKS = YES;
				GCC_WARN_64_TO_32_BIT_CONVERSION = YES;
				GCC_WARN_ABOUT_RETURN_TYPE = YES_ERROR;
				GCC_WARN_UNDECLARED_SELECTOR = YES;
				GCC_WARN_UNINITIALIZED_AUTOS = YES_AGGRESSIVE;
				GCC_WARN_UNUSED_FUNCTION = YES;
				GCC_WARN_UNUSED_VARIABLE = YES;
				LOCALIZATION_PREFERS_STRING_CATALOGS = YES;
				MACOSX_DEPLOYMENT_TARGET = 14.2;
				MTL_ENABLE_DEBUG_INFO = NO;
				MTL_FAST_MATH = YES;
				SDKROOT = macosx;
				SWIFT_COMPILATION_MODE = wholemodule;
			};
			name = Release;
		};
		631047422B488DA800AC4460 /* Debug */ = {
			isa = XCBuildConfiguration;
			buildSettings = {
				ASSETCATALOG_COMPILER_APPICON_NAME = AppIcon;
				ASSETCATALOG_COMPILER_GLOBAL_ACCENT_COLOR_NAME = AccentColor;
				CODE_SIGN_ENTITLEMENTS = HexCalc/HexCalc.entitlements;
				CODE_SIGN_STYLE = Automatic;
				COMBINE_HIDPI_IMAGES = YES;
				CURRENT_PROJECT_VERSION = 1;
				DEVELOPMENT_ASSET_PATHS = "\"HexCalc/Preview Content\"";
				DEVELOPMENT_TEAM = QLUUJVNCEC;
				ENABLE_HARDENED_RUNTIME = YES;
				ENABLE_PREVIEWS = YES;
				GENERATE_INFOPLIST_FILE = YES;
				INFOPLIST_KEY_NSHumanReadableCopyright = "";
				LD_RUNPATH_SEARCH_PATHS = (
					"$(inherited)",
					"@executable_path/../Frameworks",
				);
				MARKETING_VERSION = 1.0;
				PRODUCT_BUNDLE_IDENTIFIER = com.humblehacker.HexCalc;
				PRODUCT_NAME = "$(TARGET_NAME)";
				SWIFT_EMIT_LOC_STRINGS = YES;
				SWIFT_VERSION = 5.0;
			};
			name = Debug;
		};
		631047432B488DA800AC4460 /* Release */ = {
			isa = XCBuildConfiguration;
			buildSettings = {
				ASSETCATALOG_COMPILER_APPICON_NAME = AppIcon;
				ASSETCATALOG_COMPILER_GLOBAL_ACCENT_COLOR_NAME = AccentColor;
				CODE_SIGN_ENTITLEMENTS = HexCalc/HexCalc.entitlements;
				CODE_SIGN_STYLE = Automatic;
				COMBINE_HIDPI_IMAGES = YES;
				CURRENT_PROJECT_VERSION = 1;
				DEVELOPMENT_ASSET_PATHS = "\"HexCalc/Preview Content\"";
				DEVELOPMENT_TEAM = QLUUJVNCEC;
				ENABLE_HARDENED_RUNTIME = YES;
				ENABLE_PREVIEWS = YES;
				GENERATE_INFOPLIST_FILE = YES;
				INFOPLIST_KEY_NSHumanReadableCopyright = "";
				LD_RUNPATH_SEARCH_PATHS = (
					"$(inherited)",
					"@executable_path/../Frameworks",
				);
				MARKETING_VERSION = 1.0;
				PRODUCT_BUNDLE_IDENTIFIER = com.humblehacker.HexCalc;
				PRODUCT_NAME = "$(TARGET_NAME)";
				SWIFT_EMIT_LOC_STRINGS = YES;
				SWIFT_VERSION = 5.0;
			};
			name = Release;
		};
		631047452B488DA800AC4460 /* Debug */ = {
			isa = XCBuildConfiguration;
			buildSettings = {
				ALWAYS_EMBED_SWIFT_STANDARD_LIBRARIES = YES;
				BUNDLE_LOADER = "$(TEST_HOST)";
				CODE_SIGN_STYLE = Automatic;
				CURRENT_PROJECT_VERSION = 1;
				DEVELOPMENT_TEAM = QLUUJVNCEC;
				GENERATE_INFOPLIST_FILE = YES;
				MACOSX_DEPLOYMENT_TARGET = 14.2;
				MARKETING_VERSION = 1.0;
				PRODUCT_BUNDLE_IDENTIFIER = com.humblehacker.CalcTests;
				PRODUCT_NAME = "$(TARGET_NAME)";
				SWIFT_EMIT_LOC_STRINGS = NO;
				SWIFT_VERSION = 5.0;
				TEST_HOST = "$(BUILT_PRODUCTS_DIR)/HexCalc.app/$(BUNDLE_EXECUTABLE_FOLDER_PATH)/HexCalc";
			};
			name = Debug;
		};
		631047462B488DA800AC4460 /* Release */ = {
			isa = XCBuildConfiguration;
			buildSettings = {
				ALWAYS_EMBED_SWIFT_STANDARD_LIBRARIES = YES;
				BUNDLE_LOADER = "$(TEST_HOST)";
				CODE_SIGN_STYLE = Automatic;
				CURRENT_PROJECT_VERSION = 1;
				DEVELOPMENT_TEAM = QLUUJVNCEC;
				GENERATE_INFOPLIST_FILE = YES;
				MACOSX_DEPLOYMENT_TARGET = 14.2;
				MARKETING_VERSION = 1.0;
				PRODUCT_BUNDLE_IDENTIFIER = com.humblehacker.CalcTests;
				PRODUCT_NAME = "$(TARGET_NAME)";
				SWIFT_EMIT_LOC_STRINGS = NO;
				SWIFT_VERSION = 5.0;
				TEST_HOST = "$(BUILT_PRODUCTS_DIR)/HexCalc.app/$(BUNDLE_EXECUTABLE_FOLDER_PATH)/HexCalc";
			};
			name = Release;
		};
		631047482B488DA800AC4460 /* Debug */ = {
			isa = XCBuildConfiguration;
			buildSettings = {
				ALWAYS_EMBED_SWIFT_STANDARD_LIBRARIES = YES;
				CODE_SIGN_STYLE = Automatic;
				CURRENT_PROJECT_VERSION = 1;
				DEVELOPMENT_TEAM = QLUUJVNCEC;
				GENERATE_INFOPLIST_FILE = YES;
				MARKETING_VERSION = 1.0;
				PRODUCT_BUNDLE_IDENTIFIER = com.humblehacker.CalcUITests;
				PRODUCT_NAME = "$(TARGET_NAME)";
				SWIFT_EMIT_LOC_STRINGS = NO;
				SWIFT_VERSION = 5.0;
				TEST_TARGET_NAME = Calc;
			};
			name = Debug;
		};
		631047492B488DA800AC4460 /* Release */ = {
			isa = XCBuildConfiguration;
			buildSettings = {
				ALWAYS_EMBED_SWIFT_STANDARD_LIBRARIES = YES;
				CODE_SIGN_STYLE = Automatic;
				CURRENT_PROJECT_VERSION = 1;
				DEVELOPMENT_TEAM = QLUUJVNCEC;
				GENERATE_INFOPLIST_FILE = YES;
				MARKETING_VERSION = 1.0;
				PRODUCT_BUNDLE_IDENTIFIER = com.humblehacker.CalcUITests;
				PRODUCT_NAME = "$(TARGET_NAME)";
				SWIFT_EMIT_LOC_STRINGS = NO;
				SWIFT_VERSION = 5.0;
				TEST_TARGET_NAME = Calc;
			};
			name = Release;
		};
/* End XCBuildConfiguration section */

/* Begin XCConfigurationList section */
		631047172B488DA600AC4460 /* Build configuration list for PBXProject "HexCalc" */ = {
			isa = XCConfigurationList;
			buildConfigurations = (
				6310473F2B488DA800AC4460 /* Debug */,
				631047402B488DA800AC4460 /* Release */,
			);
			defaultConfigurationIsVisible = 0;
			defaultConfigurationName = Release;
		};
		631047412B488DA800AC4460 /* Build configuration list for PBXNativeTarget "HexCalc" */ = {
			isa = XCConfigurationList;
			buildConfigurations = (
				631047422B488DA800AC4460 /* Debug */,
				631047432B488DA800AC4460 /* Release */,
			);
			defaultConfigurationIsVisible = 0;
			defaultConfigurationName = Release;
		};
		631047442B488DA800AC4460 /* Build configuration list for PBXNativeTarget "HexCalcTests" */ = {
			isa = XCConfigurationList;
			buildConfigurations = (
				631047452B488DA800AC4460 /* Debug */,
				631047462B488DA800AC4460 /* Release */,
			);
			defaultConfigurationIsVisible = 0;
			defaultConfigurationName = Release;
		};
		631047472B488DA800AC4460 /* Build configuration list for PBXNativeTarget "HexCalcUITests" */ = {
			isa = XCConfigurationList;
			buildConfigurations = (
				631047482B488DA800AC4460 /* Debug */,
				631047492B488DA800AC4460 /* Release */,
			);
			defaultConfigurationIsVisible = 0;
			defaultConfigurationName = Release;
		};
/* End XCConfigurationList section */

/* Begin XCRemoteSwiftPackageReference section */
		635F4AA02B510C3F001DD64A /* XCRemoteSwiftPackageReference "swift-parsing" */ = {
			isa = XCRemoteSwiftPackageReference;
			repositoryURL = "https://github.com/pointfreeco/swift-parsing";
			requirement = {
				kind = upToNextMajorVersion;
				minimumVersion = 0.13.0;
			};
		};
		635F4AA32B511139001DD64A /* XCRemoteSwiftPackageReference "swift-composable-architecture" */ = {
			isa = XCRemoteSwiftPackageReference;
			repositoryURL = "https://github.com/pointfreeco/swift-composable-architecture";
			requirement = {
				branch = "observation-beta";
				kind = branch;
			};
		};
/* End XCRemoteSwiftPackageReference section */

/* Begin XCSwiftPackageProductDependency section */
		635F4AA12B510C3F001DD64A /* Parsing */ = {
			isa = XCSwiftPackageProductDependency;
			package = 635F4AA02B510C3F001DD64A /* XCRemoteSwiftPackageReference "swift-parsing" */;
			productName = Parsing;
		};
		635F4AA42B511139001DD64A /* ComposableArchitecture */ = {
			isa = XCSwiftPackageProductDependency;
			package = 635F4AA32B511139001DD64A /* XCRemoteSwiftPackageReference "swift-composable-architecture" */;
			productName = ComposableArchitecture;
		};
/* End XCSwiftPackageProductDependency section */
	};
	rootObject = 631047142B488DA600AC4460 /* Project object */;
}
