// !$*UTF8*$!
{
	archiveVersion = 1;
	classes = {
	};
	objectVersion = 56;
	objects = {

/* Begin PBXBuildFile section */
		630503CD2B58403C00879FAE /* AppFeature in Frameworks */ = {isa = PBXBuildFile; productRef = 630503CC2B58403C00879FAE /* AppFeature */; };
		631047202B488DA600AC4460 /* BitsApp.swift in Sources */ = {isa = PBXBuildFile; fileRef = 6310471F2B488DA600AC4460 /* BitsApp.swift */; };
		631047242B488DA700AC4460 /* Assets.xcassets in Resources */ = {isa = PBXBuildFile; fileRef = 631047232B488DA700AC4460 /* Assets.xcassets */; };
		631047272B488DA800AC4460 /* Preview Assets.xcassets in Resources */ = {isa = PBXBuildFile; fileRef = 631047262B488DA800AC4460 /* Preview Assets.xcassets */; };
		6316CC362B65952C00EF5095 /* HistoryFeaturePreviewApp.swift in Sources */ = {isa = PBXBuildFile; fileRef = 6316CC352B65952C00EF5095 /* HistoryFeaturePreviewApp.swift */; };
		6316CC382B65952C00EF5095 /* ContentView.swift in Sources */ = {isa = PBXBuildFile; fileRef = 6316CC372B65952C00EF5095 /* ContentView.swift */; };
		6316CC3A2B65952D00EF5095 /* Assets.xcassets in Resources */ = {isa = PBXBuildFile; fileRef = 6316CC392B65952D00EF5095 /* Assets.xcassets */; };
		6316CC3D2B65952D00EF5095 /* Preview Assets.xcassets in Resources */ = {isa = PBXBuildFile; fileRef = 6316CC3C2B65952D00EF5095 /* Preview Assets.xcassets */; };
		6316CC432B65955700EF5095 /* HistoryFeature in Frameworks */ = {isa = PBXBuildFile; productRef = 6316CC422B65955700EF5095 /* HistoryFeature */; };
		6316CC4B2B6595B000EF5095 /* ContentFeaturePreviewApp.swift in Sources */ = {isa = PBXBuildFile; fileRef = 6316CC4A2B6595B000EF5095 /* ContentFeaturePreviewApp.swift */; };
		6316CC4D2B6595B000EF5095 /* ContentView.swift in Sources */ = {isa = PBXBuildFile; fileRef = 6316CC4C2B6595B000EF5095 /* ContentView.swift */; };
		6316CC4F2B6595B100EF5095 /* Assets.xcassets in Resources */ = {isa = PBXBuildFile; fileRef = 6316CC4E2B6595B100EF5095 /* Assets.xcassets */; };
		6316CC522B6595B100EF5095 /* Preview Assets.xcassets in Resources */ = {isa = PBXBuildFile; fileRef = 6316CC512B6595B100EF5095 /* Preview Assets.xcassets */; };
		6316CC582B6595B800EF5095 /* ContentFeature in Frameworks */ = {isa = PBXBuildFile; productRef = 6316CC572B6595B800EF5095 /* ContentFeature */; };
		63A2EE2C2B7D600E008A855D /* DataStoreLive in Frameworks */ = {isa = PBXBuildFile; productRef = 63A2EE2B2B7D600E008A855D /* DataStoreLive */; };
/* End PBXBuildFile section */

/* Begin PBXCopyFilesBuildPhase section */
		6316CC2E2B65948600EF5095 /* Embed Frameworks */ = {
			isa = PBXCopyFilesBuildPhase;
			buildActionMask = 2147483647;
			dstPath = "";
			dstSubfolderSpec = 10;
			files = (
			);
			name = "Embed Frameworks";
			runOnlyForDeploymentPostprocessing = 0;
		};
/* End PBXCopyFilesBuildPhase section */

/* Begin PBXFileReference section */
		630503C72B58370E00879FAE /* Modules */ = {isa = PBXFileReference; lastKnownFileType = wrapper; path = Modules; sourceTree = "<group>"; };
		630503CE2B58457000879FAE /* Bits.xctestplan */ = {isa = PBXFileReference; lastKnownFileType = text; path = Bits.xctestplan; sourceTree = "<group>"; };
		6310471C2B488DA600AC4460 /* Bits.app */ = {isa = PBXFileReference; explicitFileType = wrapper.application; includeInIndex = 0; path = Bits.app; sourceTree = BUILT_PRODUCTS_DIR; };
		6310471F2B488DA600AC4460 /* BitsApp.swift */ = {isa = PBXFileReference; lastKnownFileType = sourcecode.swift; path = BitsApp.swift; sourceTree = "<group>"; };
		631047232B488DA700AC4460 /* Assets.xcassets */ = {isa = PBXFileReference; lastKnownFileType = folder.assetcatalog; path = Assets.xcassets; sourceTree = "<group>"; };
		631047262B488DA800AC4460 /* Preview Assets.xcassets */ = {isa = PBXFileReference; lastKnownFileType = folder.assetcatalog; path = "Preview Assets.xcassets"; sourceTree = "<group>"; };
		631047282B488DA800AC4460 /* Bits.entitlements */ = {isa = PBXFileReference; lastKnownFileType = text.plist.entitlements; path = Bits.entitlements; sourceTree = "<group>"; };
		6316CC332B65952C00EF5095 /* HistoryFeaturePreview.app */ = {isa = PBXFileReference; explicitFileType = wrapper.application; includeInIndex = 0; path = HistoryFeaturePreview.app; sourceTree = BUILT_PRODUCTS_DIR; };
		6316CC352B65952C00EF5095 /* HistoryFeaturePreviewApp.swift */ = {isa = PBXFileReference; lastKnownFileType = sourcecode.swift; path = HistoryFeaturePreviewApp.swift; sourceTree = "<group>"; };
		6316CC372B65952C00EF5095 /* ContentView.swift */ = {isa = PBXFileReference; lastKnownFileType = sourcecode.swift; path = ContentView.swift; sourceTree = "<group>"; };
		6316CC392B65952D00EF5095 /* Assets.xcassets */ = {isa = PBXFileReference; lastKnownFileType = folder.assetcatalog; path = Assets.xcassets; sourceTree = "<group>"; };
		6316CC3C2B65952D00EF5095 /* Preview Assets.xcassets */ = {isa = PBXFileReference; lastKnownFileType = folder.assetcatalog; path = "Preview Assets.xcassets"; sourceTree = "<group>"; };
		6316CC3E2B65952D00EF5095 /* HistoryFeaturePreview.entitlements */ = {isa = PBXFileReference; lastKnownFileType = text.plist.entitlements; path = HistoryFeaturePreview.entitlements; sourceTree = "<group>"; };
		6316CC482B6595B000EF5095 /* ContentFeaturePreview.app */ = {isa = PBXFileReference; explicitFileType = wrapper.application; includeInIndex = 0; path = ContentFeaturePreview.app; sourceTree = BUILT_PRODUCTS_DIR; };
		6316CC4A2B6595B000EF5095 /* ContentFeaturePreviewApp.swift */ = {isa = PBXFileReference; lastKnownFileType = sourcecode.swift; path = ContentFeaturePreviewApp.swift; sourceTree = "<group>"; };
		6316CC4C2B6595B000EF5095 /* ContentView.swift */ = {isa = PBXFileReference; lastKnownFileType = sourcecode.swift; path = ContentView.swift; sourceTree = "<group>"; };
		6316CC4E2B6595B100EF5095 /* Assets.xcassets */ = {isa = PBXFileReference; lastKnownFileType = folder.assetcatalog; path = Assets.xcassets; sourceTree = "<group>"; };
		6316CC512B6595B100EF5095 /* Preview Assets.xcassets */ = {isa = PBXFileReference; lastKnownFileType = folder.assetcatalog; path = "Preview Assets.xcassets"; sourceTree = "<group>"; };
		6316CC532B6595B100EF5095 /* ContentFeaturePreview.entitlements */ = {isa = PBXFileReference; lastKnownFileType = text.plist.entitlements; path = ContentFeaturePreview.entitlements; sourceTree = "<group>"; };
		63CE98892B72A89800D2398A /* ContentFeaturePreview.xctestplan */ = {isa = PBXFileReference; lastKnownFileType = text; path = ContentFeaturePreview.xctestplan; sourceTree = "<group>"; };
/* End PBXFileReference section */

/* Begin PBXFrameworksBuildPhase section */
		631047192B488DA600AC4460 /* Frameworks */ = {
			isa = PBXFrameworksBuildPhase;
			buildActionMask = 2147483647;
			files = (
				630503CD2B58403C00879FAE /* AppFeature in Frameworks */,
			);
			runOnlyForDeploymentPostprocessing = 0;
		};
		6316CC302B65952C00EF5095 /* Frameworks */ = {
			isa = PBXFrameworksBuildPhase;
			buildActionMask = 2147483647;
			files = (
				6316CC432B65955700EF5095 /* HistoryFeature in Frameworks */,
			);
			runOnlyForDeploymentPostprocessing = 0;
		};
		6316CC452B6595B000EF5095 /* Frameworks */ = {
			isa = PBXFrameworksBuildPhase;
			buildActionMask = 2147483647;
			files = (
				63A2EE2C2B7D600E008A855D /* DataStoreLive in Frameworks */,
				6316CC582B6595B800EF5095 /* ContentFeature in Frameworks */,
			);
			runOnlyForDeploymentPostprocessing = 0;
		};
/* End PBXFrameworksBuildPhase section */

/* Begin PBXGroup section */
		630503C82B58381000879FAE /* App */ = {
			isa = PBXGroup;
			children = (
				6310471F2B488DA600AC4460 /* BitsApp.swift */,
				631047232B488DA700AC4460 /* Assets.xcassets */,
				631047282B488DA800AC4460 /* Bits.entitlements */,
				631047252B488DA800AC4460 /* Preview Content */,
			);
			path = App;
			sourceTree = "<group>";
		};
		630503C92B583A7E00879FAE /* Frameworks */ = {
			isa = PBXGroup;
			children = (
			);
			name = Frameworks;
			sourceTree = "<group>";
		};
		631047132B488DA600AC4460 = {
			isa = PBXGroup;
			children = (
				630503CE2B58457000879FAE /* Bits.xctestplan */,
				630503C72B58370E00879FAE /* Modules */,
				630503C82B58381000879FAE /* App */,
				6316CC342B65952C00EF5095 /* HistoryFeaturePreview */,
				6316CC492B6595B000EF5095 /* ContentFeaturePreview */,
				6310471D2B488DA600AC4460 /* Products */,
				630503C92B583A7E00879FAE /* Frameworks */,
			);
			sourceTree = "<group>";
		};
		6310471D2B488DA600AC4460 /* Products */ = {
			isa = PBXGroup;
			children = (
				6310471C2B488DA600AC4460 /* Bits.app */,
				6316CC332B65952C00EF5095 /* HistoryFeaturePreview.app */,
				6316CC482B6595B000EF5095 /* ContentFeaturePreview.app */,
			);
			name = Products;
			sourceTree = "<group>";
		};
		631047252B488DA800AC4460 /* Preview Content */ = {
			isa = PBXGroup;
			children = (
				631047262B488DA800AC4460 /* Preview Assets.xcassets */,
			);
			path = "Preview Content";
			sourceTree = "<group>";
		};
		6316CC342B65952C00EF5095 /* HistoryFeaturePreview */ = {
			isa = PBXGroup;
			children = (
				6316CC352B65952C00EF5095 /* HistoryFeaturePreviewApp.swift */,
				6316CC372B65952C00EF5095 /* ContentView.swift */,
				6316CC392B65952D00EF5095 /* Assets.xcassets */,
				6316CC3E2B65952D00EF5095 /* HistoryFeaturePreview.entitlements */,
				6316CC3B2B65952D00EF5095 /* Preview Content */,
			);
			path = HistoryFeaturePreview;
			sourceTree = "<group>";
		};
		6316CC3B2B65952D00EF5095 /* Preview Content */ = {
			isa = PBXGroup;
			children = (
				6316CC3C2B65952D00EF5095 /* Preview Assets.xcassets */,
			);
			path = "Preview Content";
			sourceTree = "<group>";
		};
		6316CC492B6595B000EF5095 /* ContentFeaturePreview */ = {
			isa = PBXGroup;
			children = (
				63CE98892B72A89800D2398A /* ContentFeaturePreview.xctestplan */,
				6316CC4A2B6595B000EF5095 /* ContentFeaturePreviewApp.swift */,
				6316CC4C2B6595B000EF5095 /* ContentView.swift */,
				6316CC4E2B6595B100EF5095 /* Assets.xcassets */,
				6316CC532B6595B100EF5095 /* ContentFeaturePreview.entitlements */,
				6316CC502B6595B100EF5095 /* Preview Content */,
			);
			path = ContentFeaturePreview;
			sourceTree = "<group>";
		};
		6316CC502B6595B100EF5095 /* Preview Content */ = {
			isa = PBXGroup;
			children = (
				6316CC512B6595B100EF5095 /* Preview Assets.xcassets */,
			);
			path = "Preview Content";
			sourceTree = "<group>";
		};
/* End PBXGroup section */

/* Begin PBXNativeTarget section */
		6310471B2B488DA600AC4460 /* Bits */ = {
			isa = PBXNativeTarget;
			buildConfigurationList = 631047412B488DA800AC4460 /* Build configuration list for PBXNativeTarget "Bits" */;
			buildPhases = (
				631047182B488DA600AC4460 /* Sources */,
				631047192B488DA600AC4460 /* Frameworks */,
				6310471A2B488DA600AC4460 /* Resources */,
				6316CC2E2B65948600EF5095 /* Embed Frameworks */,
			);
			buildRules = (
			);
			dependencies = (
			);
			name = Bits;
			packageProductDependencies = (
				630503CC2B58403C00879FAE /* AppFeature */,
			);
			productName = Calc;
			productReference = 6310471C2B488DA600AC4460 /* Bits.app */;
			productType = "com.apple.product-type.application";
		};
		6316CC322B65952C00EF5095 /* HistoryFeaturePreview */ = {
			isa = PBXNativeTarget;
			buildConfigurationList = 6316CC3F2B65952D00EF5095 /* Build configuration list for PBXNativeTarget "HistoryFeaturePreview" */;
			buildPhases = (
				6316CC2F2B65952C00EF5095 /* Sources */,
				6316CC302B65952C00EF5095 /* Frameworks */,
				6316CC312B65952C00EF5095 /* Resources */,
			);
			buildRules = (
			);
			dependencies = (
			);
			name = HistoryFeaturePreview;
			packageProductDependencies = (
				6316CC422B65955700EF5095 /* HistoryFeature */,
			);
			productName = HistoryFeaturePreview;
			productReference = 6316CC332B65952C00EF5095 /* HistoryFeaturePreview.app */;
			productType = "com.apple.product-type.application";
		};
		6316CC472B6595B000EF5095 /* ContentFeaturePreview */ = {
			isa = PBXNativeTarget;
			buildConfigurationList = 6316CC542B6595B100EF5095 /* Build configuration list for PBXNativeTarget "ContentFeaturePreview" */;
			buildPhases = (
				6316CC442B6595B000EF5095 /* Sources */,
				6316CC452B6595B000EF5095 /* Frameworks */,
				6316CC462B6595B000EF5095 /* Resources */,
			);
			buildRules = (
			);
			dependencies = (
			);
			name = ContentFeaturePreview;
			packageProductDependencies = (
				6316CC572B6595B800EF5095 /* ContentFeature */,
				63A2EE2B2B7D600E008A855D /* DataStoreLive */,
			);
			productName = ContentFeaturePreview;
			productReference = 6316CC482B6595B000EF5095 /* ContentFeaturePreview.app */;
			productType = "com.apple.product-type.application";
		};
/* End PBXNativeTarget section */

/* Begin PBXProject section */
		631047142B488DA600AC4460 /* Project object */ = {
			isa = PBXProject;
			attributes = {
				BuildIndependentTargetsInParallel = 1;
				LastSwiftUpdateCheck = 1530;
				LastUpgradeCheck = 1530;
				TargetAttributes = {
					6310471B2B488DA600AC4460 = {
						CreatedOnToolsVersion = 15.1;
					};
					6316CC322B65952C00EF5095 = {
						CreatedOnToolsVersion = 15.3;
					};
					6316CC472B6595B000EF5095 = {
						CreatedOnToolsVersion = 15.3;
					};
				};
			};
			buildConfigurationList = 631047172B488DA600AC4460 /* Build configuration list for PBXProject "Bits" */;
			compatibilityVersion = "Xcode 14.0";
			developmentRegion = en;
			hasScannedForEncodings = 0;
			knownRegions = (
				en,
				Base,
			);
			mainGroup = 631047132B488DA600AC4460;
			packageReferences = (
			);
			productRefGroup = 6310471D2B488DA600AC4460 /* Products */;
			projectDirPath = "";
			projectRoot = "";
			targets = (
				6310471B2B488DA600AC4460 /* Bits */,
				6316CC322B65952C00EF5095 /* HistoryFeaturePreview */,
				6316CC472B6595B000EF5095 /* ContentFeaturePreview */,
			);
		};
/* End PBXProject section */

/* Begin PBXResourcesBuildPhase section */
		6310471A2B488DA600AC4460 /* Resources */ = {
			isa = PBXResourcesBuildPhase;
			buildActionMask = 2147483647;
			files = (
				631047272B488DA800AC4460 /* Preview Assets.xcassets in Resources */,
				631047242B488DA700AC4460 /* Assets.xcassets in Resources */,
			);
			runOnlyForDeploymentPostprocessing = 0;
		};
		6316CC312B65952C00EF5095 /* Resources */ = {
			isa = PBXResourcesBuildPhase;
			buildActionMask = 2147483647;
			files = (
				6316CC3D2B65952D00EF5095 /* Preview Assets.xcassets in Resources */,
				6316CC3A2B65952D00EF5095 /* Assets.xcassets in Resources */,
			);
			runOnlyForDeploymentPostprocessing = 0;
		};
		6316CC462B6595B000EF5095 /* Resources */ = {
			isa = PBXResourcesBuildPhase;
			buildActionMask = 2147483647;
			files = (
				6316CC522B6595B100EF5095 /* Preview Assets.xcassets in Resources */,
				6316CC4F2B6595B100EF5095 /* Assets.xcassets in Resources */,
			);
			runOnlyForDeploymentPostprocessing = 0;
		};
/* End PBXResourcesBuildPhase section */

/* Begin PBXSourcesBuildPhase section */
		631047182B488DA600AC4460 /* Sources */ = {
			isa = PBXSourcesBuildPhase;
			buildActionMask = 2147483647;
			files = (
				631047202B488DA600AC4460 /* BitsApp.swift in Sources */,
			);
			runOnlyForDeploymentPostprocessing = 0;
		};
		6316CC2F2B65952C00EF5095 /* Sources */ = {
			isa = PBXSourcesBuildPhase;
			buildActionMask = 2147483647;
			files = (
				6316CC382B65952C00EF5095 /* ContentView.swift in Sources */,
				6316CC362B65952C00EF5095 /* HistoryFeaturePreviewApp.swift in Sources */,
			);
			runOnlyForDeploymentPostprocessing = 0;
		};
		6316CC442B6595B000EF5095 /* Sources */ = {
			isa = PBXSourcesBuildPhase;
			buildActionMask = 2147483647;
			files = (
				6316CC4D2B6595B000EF5095 /* ContentView.swift in Sources */,
				6316CC4B2B6595B000EF5095 /* ContentFeaturePreviewApp.swift in Sources */,
			);
			runOnlyForDeploymentPostprocessing = 0;
		};
/* End PBXSourcesBuildPhase section */

/* Begin XCBuildConfiguration section */
		6310473F2B488DA800AC4460 /* Debug */ = {
			isa = XCBuildConfiguration;
			buildSettings = {
				ALWAYS_SEARCH_USER_PATHS = NO;
				ASSETCATALOG_COMPILER_GENERATE_SWIFT_ASSET_SYMBOL_EXTENSIONS = YES;
				CLANG_ANALYZER_NONNULL = YES;
				CLANG_ANALYZER_NUMBER_OBJECT_CONVERSION = YES_AGGRESSIVE;
				CLANG_CXX_LANGUAGE_STANDARD = "gnu++20";
				CLANG_ENABLE_MODULES = YES;
				CLANG_ENABLE_OBJC_ARC = YES;
				CLANG_ENABLE_OBJC_WEAK = YES;
				CLANG_WARN_BLOCK_CAPTURE_AUTORELEASING = YES;
				CLANG_WARN_BOOL_CONVERSION = YES;
				CLANG_WARN_COMMA = YES;
				CLANG_WARN_CONSTANT_CONVERSION = YES;
				CLANG_WARN_DEPRECATED_OBJC_IMPLEMENTATIONS = YES;
				CLANG_WARN_DIRECT_OBJC_ISA_USAGE = YES_ERROR;
				CLANG_WARN_DOCUMENTATION_COMMENTS = YES;
				CLANG_WARN_EMPTY_BODY = YES;
				CLANG_WARN_ENUM_CONVERSION = YES;
				CLANG_WARN_INFINITE_RECURSION = YES;
				CLANG_WARN_INT_CONVERSION = YES;
				CLANG_WARN_NON_LITERAL_NULL_CONVERSION = YES;
				CLANG_WARN_OBJC_IMPLICIT_RETAIN_SELF = YES;
				CLANG_WARN_OBJC_LITERAL_CONVERSION = YES;
				CLANG_WARN_OBJC_ROOT_CLASS = YES_ERROR;
				CLANG_WARN_QUOTED_INCLUDE_IN_FRAMEWORK_HEADER = YES;
				CLANG_WARN_RANGE_LOOP_ANALYSIS = YES;
				CLANG_WARN_STRICT_PROTOTYPES = YES;
				CLANG_WARN_SUSPICIOUS_MOVE = YES;
				CLANG_WARN_UNGUARDED_AVAILABILITY = YES_AGGRESSIVE;
				CLANG_WARN_UNREACHABLE_CODE = YES;
				CLANG_WARN__DUPLICATE_METHOD_MATCH = YES;
				COPY_PHASE_STRIP = NO;
				DEAD_CODE_STRIPPING = YES;
				DEBUG_INFORMATION_FORMAT = dwarf;
				ENABLE_STRICT_OBJC_MSGSEND = YES;
				ENABLE_TESTABILITY = YES;
				ENABLE_USER_SCRIPT_SANDBOXING = YES;
				GCC_C_LANGUAGE_STANDARD = gnu17;
				GCC_DYNAMIC_NO_PIC = NO;
				GCC_NO_COMMON_BLOCKS = YES;
				GCC_OPTIMIZATION_LEVEL = 0;
				GCC_PREPROCESSOR_DEFINITIONS = (
					"DEBUG=1",
					"$(inherited)",
				);
				GCC_WARN_64_TO_32_BIT_CONVERSION = YES;
				GCC_WARN_ABOUT_RETURN_TYPE = YES_ERROR;
				GCC_WARN_UNDECLARED_SELECTOR = YES;
				GCC_WARN_UNINITIALIZED_AUTOS = YES_AGGRESSIVE;
				GCC_WARN_UNUSED_FUNCTION = YES;
				GCC_WARN_UNUSED_VARIABLE = YES;
				LOCALIZATION_PREFERS_STRING_CATALOGS = YES;
				MACOSX_DEPLOYMENT_TARGET = 14.2;
				MTL_ENABLE_DEBUG_INFO = INCLUDE_SOURCE;
				MTL_FAST_MATH = YES;
				ONLY_ACTIVE_ARCH = YES;
				SDKROOT = macosx;
				SWIFT_ACTIVE_COMPILATION_CONDITIONS = "DEBUG $(inherited)";
				SWIFT_OPTIMIZATION_LEVEL = "-Onone";
				SWIFT_STRICT_CONCURRENCY = complete;
			};
			name = Debug;
		};
		631047402B488DA800AC4460 /* Release */ = {
			isa = XCBuildConfiguration;
			buildSettings = {
				ALWAYS_SEARCH_USER_PATHS = NO;
				ASSETCATALOG_COMPILER_GENERATE_SWIFT_ASSET_SYMBOL_EXTENSIONS = YES;
				CLANG_ANALYZER_NONNULL = YES;
				CLANG_ANALYZER_NUMBER_OBJECT_CONVERSION = YES_AGGRESSIVE;
				CLANG_CXX_LANGUAGE_STANDARD = "gnu++20";
				CLANG_ENABLE_MODULES = YES;
				CLANG_ENABLE_OBJC_ARC = YES;
				CLANG_ENABLE_OBJC_WEAK = YES;
				CLANG_WARN_BLOCK_CAPTURE_AUTORELEASING = YES;
				CLANG_WARN_BOOL_CONVERSION = YES;
				CLANG_WARN_COMMA = YES;
				CLANG_WARN_CONSTANT_CONVERSION = YES;
				CLANG_WARN_DEPRECATED_OBJC_IMPLEMENTATIONS = YES;
				CLANG_WARN_DIRECT_OBJC_ISA_USAGE = YES_ERROR;
				CLANG_WARN_DOCUMENTATION_COMMENTS = YES;
				CLANG_WARN_EMPTY_BODY = YES;
				CLANG_WARN_ENUM_CONVERSION = YES;
				CLANG_WARN_INFINITE_RECURSION = YES;
				CLANG_WARN_INT_CONVERSION = YES;
				CLANG_WARN_NON_LITERAL_NULL_CONVERSION = YES;
				CLANG_WARN_OBJC_IMPLICIT_RETAIN_SELF = YES;
				CLANG_WARN_OBJC_LITERAL_CONVERSION = YES;
				CLANG_WARN_OBJC_ROOT_CLASS = YES_ERROR;
				CLANG_WARN_QUOTED_INCLUDE_IN_FRAMEWORK_HEADER = YES;
				CLANG_WARN_RANGE_LOOP_ANALYSIS = YES;
				CLANG_WARN_STRICT_PROTOTYPES = YES;
				CLANG_WARN_SUSPICIOUS_MOVE = YES;
				CLANG_WARN_UNGUARDED_AVAILABILITY = YES_AGGRESSIVE;
				CLANG_WARN_UNREACHABLE_CODE = YES;
				CLANG_WARN__DUPLICATE_METHOD_MATCH = YES;
				COPY_PHASE_STRIP = NO;
				DEAD_CODE_STRIPPING = YES;
				DEBUG_INFORMATION_FORMAT = "dwarf-with-dsym";
				ENABLE_NS_ASSERTIONS = NO;
				ENABLE_STRICT_OBJC_MSGSEND = YES;
				ENABLE_USER_SCRIPT_SANDBOXING = YES;
				GCC_C_LANGUAGE_STANDARD = gnu17;
				GCC_NO_COMMON_BLOCKS = YES;
				GCC_WARN_64_TO_32_BIT_CONVERSION = YES;
				GCC_WARN_ABOUT_RETURN_TYPE = YES_ERROR;
				GCC_WARN_UNDECLARED_SELECTOR = YES;
				GCC_WARN_UNINITIALIZED_AUTOS = YES_AGGRESSIVE;
				GCC_WARN_UNUSED_FUNCTION = YES;
				GCC_WARN_UNUSED_VARIABLE = YES;
				LOCALIZATION_PREFERS_STRING_CATALOGS = YES;
				MACOSX_DEPLOYMENT_TARGET = 14.2;
				MTL_ENABLE_DEBUG_INFO = NO;
				MTL_FAST_MATH = YES;
				SDKROOT = macosx;
				SWIFT_COMPILATION_MODE = wholemodule;
				SWIFT_STRICT_CONCURRENCY = complete;
			};
			name = Release;
		};
		631047422B488DA800AC4460 /* Debug */ = {
			isa = XCBuildConfiguration;
			buildSettings = {
				ASSETCATALOG_COMPILER_APPICON_NAME = AppIcon;
				ASSETCATALOG_COMPILER_GLOBAL_ACCENT_COLOR_NAME = AccentColor;
				CODE_SIGN_ENTITLEMENTS = App/Bits.entitlements;
				CODE_SIGN_IDENTITY = "Apple Development";
				CODE_SIGN_STYLE = Automatic;
				COMBINE_HIDPI_IMAGES = YES;
				CURRENT_PROJECT_VERSION = 5;
				DEAD_CODE_STRIPPING = YES;
				DEVELOPMENT_ASSET_PATHS = "\"App/Preview Content\"";
				DEVELOPMENT_TEAM = QLUUJVNCEC;
				ENABLE_HARDENED_RUNTIME = YES;
				ENABLE_PREVIEWS = YES;
				GENERATE_INFOPLIST_FILE = YES;
				INFOPLIST_KEY_LSApplicationCategoryType = "public.app-category.utilities";
				INFOPLIST_KEY_NSHumanReadableCopyright = "";
				LD_RUNPATH_SEARCH_PATHS = (
					"$(inherited)",
					"@executable_path/../Frameworks",
				);
				MACOSX_DEPLOYMENT_TARGET = 14.0;
				MARKETING_VERSION = 1.0;
				PRODUCT_BUNDLE_IDENTIFIER = com.humblehacker.Bits;
				PRODUCT_NAME = "$(TARGET_NAME)";
				PROVISIONING_PROFILE_SPECIFIER = "";
				SWIFT_EMIT_LOC_STRINGS = YES;
				SWIFT_VERSION = 5.0;
			};
			name = Debug;
		};
		631047432B488DA800AC4460 /* Release */ = {
			isa = XCBuildConfiguration;
			buildSettings = {
				ASSETCATALOG_COMPILER_APPICON_NAME = AppIcon;
				ASSETCATALOG_COMPILER_GLOBAL_ACCENT_COLOR_NAME = AccentColor;
				CODE_SIGN_ENTITLEMENTS = App/Bits.entitlements;
				CODE_SIGN_IDENTITY = "Apple Development";
				CODE_SIGN_STYLE = Automatic;
				COMBINE_HIDPI_IMAGES = YES;
				CURRENT_PROJECT_VERSION = 5;
				DEAD_CODE_STRIPPING = YES;
				DEVELOPMENT_ASSET_PATHS = "\"App/Preview Content\"";
				DEVELOPMENT_TEAM = QLUUJVNCEC;
				ENABLE_HARDENED_RUNTIME = YES;
				ENABLE_PREVIEWS = YES;
				GENERATE_INFOPLIST_FILE = YES;
				INFOPLIST_KEY_LSApplicationCategoryType = "public.app-category.utilities";
				INFOPLIST_KEY_NSHumanReadableCopyright = "";
				LD_RUNPATH_SEARCH_PATHS = (
					"$(inherited)",
					"@executable_path/../Frameworks",
				);
				MACOSX_DEPLOYMENT_TARGET = 14.0;
				MARKETING_VERSION = 1.0;
				PRODUCT_BUNDLE_IDENTIFIER = com.humblehacker.Bits;
				PRODUCT_NAME = "$(TARGET_NAME)";
				PROVISIONING_PROFILE_SPECIFIER = "";
				SWIFT_EMIT_LOC_STRINGS = YES;
				SWIFT_VERSION = 5.0;
			};
			name = Release;
		};
		6316CC402B65952D00EF5095 /* Debug */ = {
			isa = XCBuildConfiguration;
			buildSettings = {
				ASSETCATALOG_COMPILER_APPICON_NAME = AppIcon;
				ASSETCATALOG_COMPILER_GLOBAL_ACCENT_COLOR_NAME = AccentColor;
				CODE_SIGN_ENTITLEMENTS = HistoryFeaturePreview/HistoryFeaturePreview.entitlements;
				CODE_SIGN_STYLE = Automatic;
				COMBINE_HIDPI_IMAGES = YES;
				CURRENT_PROJECT_VERSION = 1;
				DEAD_CODE_STRIPPING = YES;
				DEVELOPMENT_ASSET_PATHS = "\"HistoryFeaturePreview/Preview Content\"";
				DEVELOPMENT_TEAM = QLUUJVNCEC;
				ENABLE_HARDENED_RUNTIME = YES;
				ENABLE_PREVIEWS = YES;
				GENERATE_INFOPLIST_FILE = YES;
				INFOPLIST_KEY_NSHumanReadableCopyright = "";
				LD_RUNPATH_SEARCH_PATHS = (
					"$(inherited)",
					"@executable_path/../Frameworks",
				);
				MARKETING_VERSION = 1.0;
				PRODUCT_BUNDLE_IDENTIFIER = com.humblehacker.HistoryFeaturePreview;
				PRODUCT_NAME = "$(TARGET_NAME)";
				SWIFT_EMIT_LOC_STRINGS = YES;
				SWIFT_VERSION = 5.0;
			};
			name = Debug;
		};
		6316CC412B65952D00EF5095 /* Release */ = {
			isa = XCBuildConfiguration;
			buildSettings = {
				ASSETCATALOG_COMPILER_APPICON_NAME = AppIcon;
				ASSETCATALOG_COMPILER_GLOBAL_ACCENT_COLOR_NAME = AccentColor;
				CODE_SIGN_ENTITLEMENTS = HistoryFeaturePreview/HistoryFeaturePreview.entitlements;
				CODE_SIGN_STYLE = Automatic;
				COMBINE_HIDPI_IMAGES = YES;
				CURRENT_PROJECT_VERSION = 1;
				DEAD_CODE_STRIPPING = YES;
				DEVELOPMENT_ASSET_PATHS = "\"HistoryFeaturePreview/Preview Content\"";
				DEVELOPMENT_TEAM = QLUUJVNCEC;
				ENABLE_HARDENED_RUNTIME = YES;
				ENABLE_PREVIEWS = YES;
				GENERATE_INFOPLIST_FILE = YES;
				INFOPLIST_KEY_NSHumanReadableCopyright = "";
				LD_RUNPATH_SEARCH_PATHS = (
					"$(inherited)",
					"@executable_path/../Frameworks",
				);
				MARKETING_VERSION = 1.0;
				PRODUCT_BUNDLE_IDENTIFIER = com.humblehacker.HistoryFeaturePreview;
				PRODUCT_NAME = "$(TARGET_NAME)";
				SWIFT_EMIT_LOC_STRINGS = YES;
				SWIFT_VERSION = 5.0;
			};
			name = Release;
		};
		6316CC552B6595B100EF5095 /* Debug */ = {
			isa = XCBuildConfiguration;
			buildSettings = {
				ASSETCATALOG_COMPILER_APPICON_NAME = AppIcon;
				ASSETCATALOG_COMPILER_GLOBAL_ACCENT_COLOR_NAME = AccentColor;
				CODE_SIGN_ENTITLEMENTS = ContentFeaturePreview/ContentFeaturePreview.entitlements;
				CODE_SIGN_STYLE = Automatic;
				COMBINE_HIDPI_IMAGES = YES;
				CURRENT_PROJECT_VERSION = 1;
				DEAD_CODE_STRIPPING = YES;
				DEVELOPMENT_ASSET_PATHS = "\"ContentFeaturePreview/Preview Content\"";
				DEVELOPMENT_TEAM = QLUUJVNCEC;
				ENABLE_HARDENED_RUNTIME = YES;
				ENABLE_PREVIEWS = YES;
				GENERATE_INFOPLIST_FILE = YES;
				INFOPLIST_KEY_NSHumanReadableCopyright = "";
				LD_RUNPATH_SEARCH_PATHS = (
					"$(inherited)",
					"@executable_path/../Frameworks",
				);
				MARKETING_VERSION = 1.0;
				PRODUCT_BUNDLE_IDENTIFIER = com.humblehacker.ContentFeaturePreview;
				PRODUCT_NAME = "$(TARGET_NAME)";
				SWIFT_EMIT_LOC_STRINGS = YES;
				SWIFT_VERSION = 5.0;
			};
			name = Debug;
		};
		6316CC562B6595B100EF5095 /* Release */ = {
			isa = XCBuildConfiguration;
			buildSettings = {
				ASSETCATALOG_COMPILER_APPICON_NAME = AppIcon;
				ASSETCATALOG_COMPILER_GLOBAL_ACCENT_COLOR_NAME = AccentColor;
				CODE_SIGN_ENTITLEMENTS = ContentFeaturePreview/ContentFeaturePreview.entitlements;
				CODE_SIGN_STYLE = Automatic;
				COMBINE_HIDPI_IMAGES = YES;
				CURRENT_PROJECT_VERSION = 1;
				DEAD_CODE_STRIPPING = YES;
				DEVELOPMENT_ASSET_PATHS = "\"ContentFeaturePreview/Preview Content\"";
				DEVELOPMENT_TEAM = QLUUJVNCEC;
				ENABLE_HARDENED_RUNTIME = YES;
				ENABLE_PREVIEWS = YES;
				GENERATE_INFOPLIST_FILE = YES;
				INFOPLIST_KEY_NSHumanReadableCopyright = "";
				LD_RUNPATH_SEARCH_PATHS = (
					"$(inherited)",
					"@executable_path/../Frameworks",
				);
				MARKETING_VERSION = 1.0;
				PRODUCT_BUNDLE_IDENTIFIER = com.humblehacker.ContentFeaturePreview;
				PRODUCT_NAME = "$(TARGET_NAME)";
				SWIFT_EMIT_LOC_STRINGS = YES;
				SWIFT_VERSION = 5.0;
			};
			name = Release;
		};
/* End XCBuildConfiguration section */

/* Begin XCConfigurationList section */
		631047172B488DA600AC4460 /* Build configuration list for PBXProject "Bits" */ = {
			isa = XCConfigurationList;
			buildConfigurations = (
				6310473F2B488DA800AC4460 /* Debug */,
				631047402B488DA800AC4460 /* Release */,
			);
			defaultConfigurationIsVisible = 0;
			defaultConfigurationName = Release;
		};
		631047412B488DA800AC4460 /* Build configuration list for PBXNativeTarget "Bits" */ = {
			isa = XCConfigurationList;
			buildConfigurations = (
				631047422B488DA800AC4460 /* Debug */,
				631047432B488DA800AC4460 /* Release */,
			);
			defaultConfigurationIsVisible = 0;
			defaultConfigurationName = Release;
		};
		6316CC3F2B65952D00EF5095 /* Build configuration list for PBXNativeTarget "HistoryFeaturePreview" */ = {
			isa = XCConfigurationList;
			buildConfigurations = (
				6316CC402B65952D00EF5095 /* Debug */,
				6316CC412B65952D00EF5095 /* Release */,
			);
			defaultConfigurationIsVisible = 0;
			defaultConfigurationName = Release;
		};
		6316CC542B6595B100EF5095 /* Build configuration list for PBXNativeTarget "ContentFeaturePreview" */ = {
			isa = XCConfigurationList;
			buildConfigurations = (
				6316CC552B6595B100EF5095 /* Debug */,
				6316CC562B6595B100EF5095 /* Release */,
			);
			defaultConfigurationIsVisible = 0;
			defaultConfigurationName = Release;
		};
/* End XCConfigurationList section */

/* Begin XCSwiftPackageProductDependency section */
		630503CC2B58403C00879FAE /* AppFeature */ = {
			isa = XCSwiftPackageProductDependency;
			productName = AppFeature;
		};
		6316CC422B65955700EF5095 /* HistoryFeature */ = {
			isa = XCSwiftPackageProductDependency;
			productName = HistoryFeature;
		};
		6316CC572B6595B800EF5095 /* ContentFeature */ = {
			isa = XCSwiftPackageProductDependency;
			productName = ContentFeature;
		};
		63A2EE2B2B7D600E008A855D /* DataStoreLive */ = {
			isa = XCSwiftPackageProductDependency;
			productName = DataStoreLive;
		};
/* End XCSwiftPackageProductDependency section */
	};
	rootObject = 631047142B488DA600AC4460 /* Project object */;
}
